
Microsoft Visual Studio Solution File, Format Version 12.00
# Visual Studio Version 17
VisualStudioVersion = 17.14.36301.6 d17.14
MinimumVisualStudioVersion = 10.0.40219.1
Project("{FAE04EC0-301F-11D3-BF4B-00C04F79EFBC}") = "CramponDebug", "CramponDebug.csproj", "{A73750FC-58FF-492D-854F-8005E450311F}"
EndProject
Global
	GlobalSection(SolutionConfigurationPlatforms) = preSolution
		Debug|Any CPU = Debug|Any CPU
		Release|Any CPU = Release|Any CPU
	EndGlobalSection
	GlobalSection(ProjectConfigurationPlatforms) = postSolution
		{A73750FC-58FF-492D-854F-8005E450311F}.Debug|Any CPU.ActiveCfg = Debug|Any CPU
		{A73750FC-58FF-492D-854F-8005E450311F}.Debug|Any CPU.Build.0 = Debug|Any CPU
		{A73750FC-58FF-492D-854F-8005E450311F}.Release|Any CPU.ActiveCfg = Release|Any CPU
		{A73750FC-58FF-492D-854F-8005E450311F}.Release|Any CPU.Build.0 = Release|Any CPU
	EndGlobalSection
	GlobalSection(SolutionProperties) = preSolution
		HideSolutionNode = FALSE
	EndGlobalSection
	GlobalSection(ExtensibilityGlobals) = postSolution
		SolutionGuid = {BC3A7B18-E840-4985-9C62-7A1827225782}
	EndGlobalSection
EndGlobal
